github.com/sandertv/go-raknet v1.2.4 h1:dsrMKZcpvfkJQhpKJbPUhjQgY7BpEuuYO6+AXGdYQ/U=
github.com/sandertv/go-raknet v1.2.4/go.mod h1:s1lD7LTts74R9csTeI4WlGcp6PmXAGX+DeJlQF3KMlg=
github.com/sandertv/go-raknet v1.15.0 h1:OCJFvVsn5RWXOXF+gZD5uTAmy9RbOofUzOhvSyuR1tE=
github.com/sandertv/go-raknet v1.15.0/go.mod h1:/yysjwfCXm2+2OY8mBazLzcxJ3irnylKCyG3FLgUPVU=
